// !$*UTF8*$!
{
	archiveVersion = 1;
	classes = {
	};
	objectVersion = 55;
	objects = {

/* Begin PBXBuildFile section */
		2B815A0AF0F04AE64DA23BC1 /* Pods_SpringAnimation.framework in Frameworks */ = {isa = PBXBuildFile; fileRef = 3008AA99A6D30C9FA30D7FEF /* Pods_SpringAnimation.framework */; };
		EF922EDE274E9B8E005B1595 /* AppDelegate.swift in Sources */ = {isa = PBXBuildFile; fileRef = EF922EDD274E9B8E005B1595 /* AppDelegate.swift */; };
		EF922EE0274E9B8E005B1595 /* SceneDelegate.swift in Sources */ = {isa = PBXBuildFile; fileRef = EF922EDF274E9B8E005B1595 /* SceneDelegate.swift */; };
		EF922EE2274E9B8E005B1595 /* AnimationViewController.swift in Sources */ = {isa = PBXBuildFile; fileRef = EF922EE1274E9B8E005B1595 /* AnimationViewController.swift */; };
		EF922EE5274E9B8E005B1595 /* Main.storyboard in Resources */ = {isa = PBXBuildFile; fileRef = EF922EE3274E9B8E005B1595 /* Main.storyboard */; };
		EF922EE7274E9B8F005B1595 /* Assets.xcassets in Resources */ = {isa = PBXBuildFile; fileRef = EF922EE6274E9B8F005B1595 /* Assets.xcassets */; };
		EF922EEA274E9B8F005B1595 /* LaunchScreen.storyboard in Resources */ = {isa = PBXBuildFile; fileRef = EF922EE8274E9B8F005B1595 /* LaunchScreen.storyboard */; };
		EF922EF4274E9EEA005B1595 /* Animation.swift in Sources */ = {isa = PBXBuildFile; fileRef = EF922EF3274E9EEA005B1595 /* Animation.swift */; };
		EF922EF6274E9EF8005B1595 /* DataManager.swift in Sources */ = {isa = PBXBuildFile; fileRef = EF922EF5274E9EF8005B1595 /* DataManager.swift */; };
/* End PBXBuildFile section */

/* Begin PBXFileReference section */
		3008AA99A6D30C9FA30D7FEF /* Pods_SpringAnimation.framework */ = {isa = PBXFileReference; explicitFileType = wrapper.framework; includeInIndex = 0; path = Pods_SpringAnimation.framework; sourceTree = BUILT_PRODUCTS_DIR; };
		5FB9CF3A32609553F7168EA3 /* Pods-SpringAnimation.debug.xcconfig */ = {isa = PBXFileReference; includeInIndex = 1; lastKnownFileType = text.xcconfig; name = "Pods-SpringAnimation.debug.xcconfig"; path = "Target Support Files/Pods-SpringAnimation/Pods-SpringAnimation.debug.xcconfig"; sourceTree = "<group>"; };
		EDD0ACC25A67A8C0426ED871 /* Pods-SpringAnimation.release.xcconfig */ = {isa = PBXFileReference; includeInIndex = 1; lastKnownFileType = text.xcconfig; name = "Pods-SpringAnimation.release.xcconfig"; path = "Target Support Files/Pods-SpringAnimation/Pods-SpringAnimation.release.xcconfig"; sourceTree = "<group>"; };
		EF922EDA274E9B8E005B1595 /* SpringAnimation.app */ = {isa = PBXFileReference; explicitFileType = wrapper.application; includeInIndex = 0; path = SpringAnimation.app; sourceTree = BUILT_PRODUCTS_DIR; };
		EF922EDD274E9B8E005B1595 /* AppDelegate.swift */ = {isa = PBXFileReference; lastKnownFileType = sourcecode.swift; path = AppDelegate.swift; sourceTree = "<group>"; };
		EF922EDF274E9B8E005B1595 /* SceneDelegate.swift */ = {isa = PBXFileReference; lastKnownFileType = sourcecode.swift; path = SceneDelegate.swift; sourceTree = "<group>"; };
		EF922EE1274E9B8E005B1595 /* AnimationViewController.swift */ = {isa = PBXFileReference; lastKnownFileType = sourcecode.swift; path = AnimationViewController.swift; sourceTree = "<group>"; };
		EF922EE4274E9B8E005B1595 /* Base */ = {isa = PBXFileReference; lastKnownFileType = file.storyboard; name = Base; path = Base.lproj/Main.storyboard; sourceTree = "<group>"; };
		EF922EE6274E9B8F005B1595 /* Assets.xcassets */ = {isa = PBXFileReference; lastKnownFileType = folder.assetcatalog; path = Assets.xcassets; sourceTree = "<group>"; };
		EF922EE9274E9B8F005B1595 /* Base */ = {isa = PBXFileReference; lastKnownFileType = file.storyboard; name = Base; path = Base.lproj/LaunchScreen.storyboard; sourceTree = "<group>"; };
		EF922EEB274E9B8F005B1595 /* Info.plist */ = {isa = PBXFileReference; lastKnownFileType = text.plist.xml; path = Info.plist; sourceTree = "<group>"; };
		EF922EF3274E9EEA005B1595 /* Animation.swift */ = {isa = PBXFileReference; lastKnownFileType = sourcecode.swift; path = Animation.swift; sourceTree = "<group>"; };
		EF922EF5274E9EF8005B1595 /* DataManager.swift */ = {isa = PBXFileReference; lastKnownFileType = sourcecode.swift; path = DataManager.swift; sourceTree = "<group>"; };
/* End PBXFileReference section */

/* Begin PBXFrameworksBuildPhase section */
		EF922ED7274E9B8E005B1595 /* Frameworks */ = {
			isa = PBXFrameworksBuildPhase;
			buildActionMask = 2147483647;
			files = (
				2B815A0AF0F04AE64DA23BC1 /* Pods_SpringAnimation.framework in Frameworks */,
			);
			runOnlyForDeploymentPostprocessing = 0;
		};
/* End PBXFrameworksBuildPhase section */

/* Begin PBXGroup section */
		4518770A2EF6E7E4BB77F456 /* Pods */ = {
			isa = PBXGroup;
			children = (
				5FB9CF3A32609553F7168EA3 /* Pods-SpringAnimation.debug.xcconfig */,
				EDD0ACC25A67A8C0426ED871 /* Pods-SpringAnimation.release.xcconfig */,
			);
			path = Pods;
			sourceTree = "<group>";
		};
		5EE86061900EA67F11D2C463 /* Frameworks */ = {
			isa = PBXGroup;
			children = (
				3008AA99A6D30C9FA30D7FEF /* Pods_SpringAnimation.framework */,
			);
			name = Frameworks;
			sourceTree = "<group>";
		};
		EF922ED1274E9B8E005B1595 = {
			isa = PBXGroup;
			children = (
				EF922EDC274E9B8E005B1595 /* SpringAnimation */,
				EF922EDB274E9B8E005B1595 /* Products */,
				4518770A2EF6E7E4BB77F456 /* Pods */,
				5EE86061900EA67F11D2C463 /* Frameworks */,
			);
			sourceTree = "<group>";
		};
		EF922EDB274E9B8E005B1595 /* Products */ = {
			isa = PBXGroup;
			children = (
				EF922EDA274E9B8E005B1595 /* SpringAnimation.app */,
			);
			name = Products;
			sourceTree = "<group>";
		};
		EF922EDC274E9B8E005B1595 /* SpringAnimation */ = {
			isa = PBXGroup;
			children = (
				EF922EF7274EB10B005B1595 /* App */,
				EF922EF8274EB119005B1595 /* ViewControllers */,
				EF922EF9274EB129005B1595 /* StoryBoards */,
				EF922EFA274EB150005B1595 /* Resourses */,
				EF922EFB274EB15B005B1595 /* Models */,
				EF922EFC274EB166005B1595 /* Servises */,
			);
			path = SpringAnimation;
			sourceTree = "<group>";
		};
		EF922EF7274EB10B005B1595 /* App */ = {
			isa = PBXGroup;
			children = (
				EF922EDD274E9B8E005B1595 /* AppDelegate.swift */,
				EF922EDF274E9B8E005B1595 /* SceneDelegate.swift */,
				EF922EEB274E9B8F005B1595 /* Info.plist */,
			);
			path = App;
			sourceTree = "<group>";
		};
		EF922EF8274EB119005B1595 /* ViewControllers */ = {
			isa = PBXGroup;
			children = (
				EF922EE1274E9B8E005B1595 /* AnimationViewController.swift */,
			);
			path = ViewControllers;
			sourceTree = "<group>";
		};
		EF922EF9274EB129005B1595 /* StoryBoards */ = {
			isa = PBXGroup;
			children = (
				EF922EE3274E9B8E005B1595 /* Main.storyboard */,
				EF922EE8274E9B8F005B1595 /* LaunchScreen.storyboard */,
			);
			path = StoryBoards;
			sourceTree = "<group>";
		};
		EF922EFA274EB150005B1595 /* Resourses */ = {
			isa = PBXGroup;
			children = (
				EF922EE6274E9B8F005B1595 /* Assets.xcassets */,
			);
			path = Resourses;
			sourceTree = "<group>";
		};
		EF922EFB274EB15B005B1595 /* Models */ = {
			isa = PBXGroup;
			children = (
				EF922EF3274E9EEA005B1595 /* Animation.swift */,
			);
			path = Models;
			sourceTree = "<group>";
		};
		EF922EFC274EB166005B1595 /* Servises */ = {
			isa = PBXGroup;
			children = (
				EF922EF5274E9EF8005B1595 /* DataManager.swift */,
			);
			path = Servises;
			sourceTree = "<group>";
		};
/* End PBXGroup section */

/* Begin PBXNativeTarget section */
		EF922ED9274E9B8E005B1595 /* SpringAnimation */ = {
			isa = PBXNativeTarget;
			buildConfigurationList = EF922EEE274E9B8F005B1595 /* Build configuration list for PBXNativeTarget "SpringAnimation" */;
			buildPhases = (
				48D6A738EF1E33D7C1A621FF /* [CP] Check Pods Manifest.lock */,
				EF922ED6274E9B8E005B1595 /* Sources */,
				EF922ED7274E9B8E005B1595 /* Frameworks */,
				EF922ED8274E9B8E005B1595 /* Resources */,
				350EA31D377F2F2853EB6A96 /* [CP] Embed Pods Frameworks */,
			);
			buildRules = (
			);
			dependencies = (
			);
			name = SpringAnimation;
			productName = SpringAnimation;
			productReference = EF922EDA274E9B8E005B1595 /* SpringAnimation.app */;
			productType = "com.apple.product-type.application";
		};
/* End PBXNativeTarget section */

/* Begin PBXProject section */
		EF922ED2274E9B8E005B1595 /* Project object */ = {
			isa = PBXProject;
			attributes = {
				BuildIndependentTargetsInParallel = 1;
				LastSwiftUpdateCheck = 1310;
				LastUpgradeCheck = 1310;
				TargetAttributes = {
					EF922ED9274E9B8E005B1595 = {
						CreatedOnToolsVersion = 13.1;
					};
				};
			};
			buildConfigurationList = EF922ED5274E9B8E005B1595 /* Build configuration list for PBXProject "SpringAnimation" */;
			compatibilityVersion = "Xcode 13.0";
			developmentRegion = en;
			hasScannedForEncodings = 0;
			knownRegions = (
				en,
				Base,
			);
			mainGroup = EF922ED1274E9B8E005B1595;
			productRefGroup = EF922EDB274E9B8E005B1595 /* Products */;
			projectDirPath = "";
			projectRoot = "";
			targets = (
				EF922ED9274E9B8E005B1595 /* SpringAnimation */,
			);
		};
/* End PBXProject section */

/* Begin PBXResourcesBuildPhase section */
		EF922ED8274E9B8E005B1595 /* Resources */ = {
			isa = PBXResourcesBuildPhase;
			buildActionMask = 2147483647;
			files = (
				EF922EEA274E9B8F005B1595 /* LaunchScreen.storyboard in Resources */,
				EF922EE7274E9B8F005B1595 /* Assets.xcassets in Resources */,
				EF922EE5274E9B8E005B1595 /* Main.storyboard in Resources */,
			);
			runOnlyForDeploymentPostprocessing = 0;
		};
/* End PBXResourcesBuildPhase section */

/* Begin PBXShellScriptBuildPhase section */
		350EA31D377F2F2853EB6A96 /* [CP] Embed Pods Frameworks */ = {
			isa = PBXShellScriptBuildPhase;
			buildActionMask = 2147483647;
			files = (
			);
			inputFileListPaths = (
				"${PODS_ROOT}/Target Support Files/Pods-SpringAnimation/Pods-SpringAnimation-frameworks-${CONFIGURATION}-input-files.xcfilelist",
			);
			name = "[CP] Embed Pods Frameworks";
			outputFileListPaths = (
				"${PODS_ROOT}/Target Support Files/Pods-SpringAnimation/Pods-SpringAnimation-frameworks-${CONFIGURATION}-output-files.xcfilelist",
			);
			runOnlyForDeploymentPostprocessing = 0;
			shellPath = /bin/sh;
			shellScript = "\"${PODS_ROOT}/Target Support Files/Pods-SpringAnimation/Pods-SpringAnimation-frameworks.sh\"\n";
			showEnvVarsInLog = 0;
		};
		48D6A738EF1E33D7C1A621FF /* [CP] Check Pods Manifest.lock */ = {
			isa = PBXShellScriptBuildPhase;
			buildActionMask = 2147483647;
			files = (
			);
			inputFileListPaths = (
			);
			inputPaths = (
				"${PODS_PODFILE_DIR_PATH}/Podfile.lock",
				"${PODS_ROOT}/Manifest.lock",
			);
			name = "[CP] Check Pods Manifest.lock";
			outputFileListPaths = (
			);
			outputPaths = (
				"$(DERIVED_FILE_DIR)/Pods-SpringAnimation-checkManifestLockResult.txt",
			);
			runOnlyForDeploymentPostprocessing = 0;
			shellPath = /bin/sh;
			shellScript = "diff \"${PODS_PODFILE_DIR_PATH}/Podfile.lock\" \"${PODS_ROOT}/Manifest.lock\" > /dev/null\nif [ $? != 0 ] ; then\n    # print error to STDERR\n    echo \"error: The sandbox is not in sync with the Podfile.lock. Run 'pod install' or update your CocoaPods installation.\" >&2\n    exit 1\nfi\n# This output is used by Xcode 'outputs' to avoid re-running this script phase.\necho \"SUCCESS\" > \"${SCRIPT_OUTPUT_FILE_0}\"\n";
			showEnvVarsInLog = 0;
		};
/* End PBXShellScriptBuildPhase section */

/* Begin PBXSourcesBuildPhase section */
		EF922ED6274E9B8E005B1595 /* Sources */ = {
			isa = PBXSourcesBuildPhase;
			buildActionMask = 2147483647;
			files = (
				EF922EE2274E9B8E005B1595 /* AnimationViewController.swift in Sources */,
				EF922EF6274E9EF8005B1595 /* DataManager.swift in Sources */,
				EF922EDE274E9B8E005B1595 /* AppDelegate.swift in Sources */,
				EF922EF4274E9EEA005B1595 /* Animation.swift in Sources */,
				EF922EE0274E9B8E005B1595 /* SceneDelegate.swift in Sources */,
			);
			runOnlyForDeploymentPostprocessing = 0;
		};
/* End PBXSourcesBuildPhase section */

/* Begin PBXVariantGroup section */
		EF922EE3274E9B8E005B1595 /* Main.storyboard */ = {
			isa = PBXVariantGroup;
			children = (
				EF922EE4274E9B8E005B1595 /* Base */,
			);
			name = Main.storyboard;
			sourceTree = "<group>";
		};
		EF922EE8274E9B8F005B1595 /* LaunchScreen.storyboard */ = {
			isa = PBXVariantGroup;
			children = (
				EF922EE9274E9B8F005B1595 /* Base */,
			);
			name = LaunchScreen.storyboard;
			sourceTree = "<group>";
		};
/* End PBXVariantGroup section */

/* Begin XCBuildConfiguration section */
		EF922EEC274E9B8F005B1595 /* Debug */ = {
			isa = XCBuildConfiguration;
			buildSettings = {
				ALWAYS_SEARCH_USER_PATHS = NO;
				CLANG_ANALYZER_NONNULL = YES;
				CLANG_ANALYZER_NUMBER_OBJECT_CONVERSION = YES_AGGRESSIVE;
				CLANG_CXX_LANGUAGE_STANDARD = "gnu++17";
				CLANG_CXX_LIBRARY = "libc++";
				CLANG_ENABLE_MODULES = YES;
				CLANG_ENABLE_OBJC_ARC = YES;
				CLANG_ENABLE_OBJC_WEAK = YES;
				CLANG_WARN_BLOCK_CAPTURE_AUTORELEASING = YES;
				CLANG_WARN_BOOL_CONVERSION = YES;
				CLANG_WARN_COMMA = YES;
				CLANG_WARN_CONSTANT_CONVERSION = YES;
				CLANG_WARN_DEPRECATED_OBJC_IMPLEMENTATIONS = YES;
				CLANG_WARN_DIRECT_OBJC_ISA_USAGE = YES_ERROR;
				CLANG_WARN_DOCUMENTATION_COMMENTS = YES;
				CLANG_WARN_EMPTY_BODY = YES;
				CLANG_WARN_ENUM_CONVERSION = YES;
				CLANG_WARN_INFINITE_RECURSION = YES;
				CLANG_WARN_INT_CONVERSION = YES;
				CLANG_WARN_NON_LITERAL_NULL_CONVERSION = YES;
				CLANG_WARN_OBJC_IMPLICIT_RETAIN_SELF = YES;
				CLANG_WARN_OBJC_LITERAL_CONVERSION = YES;
				CLANG_WARN_OBJC_ROOT_CLASS = YES_ERROR;
				CLANG_WARN_QUOTED_INCLUDE_IN_FRAMEWORK_HEADER = YES;
				CLANG_WARN_RANGE_LOOP_ANALYSIS = YES;
				CLANG_WARN_STRICT_PROTOTYPES = YES;
				CLANG_WARN_SUSPICIOUS_MOVE = YES;
				CLANG_WARN_UNGUARDED_AVAILABILITY = YES_AGGRESSIVE;
				CLANG_WARN_UNREACHABLE_CODE = YES;
				CLANG_WARN__DUPLICATE_METHOD_MATCH = YES;
				COPY_PHASE_STRIP = NO;
				DEBUG_INFORMATION_FORMAT = dwarf;
				ENABLE_STRICT_OBJC_MSGSEND = YES;
				ENABLE_TESTABILITY = YES;
				GCC_C_LANGUAGE_STANDARD = gnu11;
				GCC_DYNAMIC_NO_PIC = NO;
				GCC_NO_COMMON_BLOCKS = YES;
				GCC_OPTIMIZATION_LEVEL = 0;
				GCC_PREPROCESSOR_DEFINITIONS = (
					"DEBUG=1",
					"$(inherited)",
				);
				GCC_WARN_64_TO_32_BIT_CONVERSION = YES;
				GCC_WARN_ABOUT_RETURN_TYPE = YES_ERROR;
				GCC_WARN_UNDECLARED_SELECTOR = YES;
				GCC_WARN_UNINITIALIZED_AUTOS = YES_AGGRESSIVE;
				GCC_WARN_UNUSED_FUNCTION = YES;
				GCC_WARN_UNUSED_VARIABLE = YES;
				IPHONEOS_DEPLOYMENT_TARGET = 15.0;
				MTL_ENABLE_DEBUG_INFO = INCLUDE_SOURCE;
				MTL_FAST_MATH = YES;
				ONLY_ACTIVE_ARCH = YES;
				SDKROOT = iphoneos;
				SWIFT_ACTIVE_COMPILATION_CONDITIONS = DEBUG;
				SWIFT_OPTIMIZATION_LEVEL = "-Onone";
			};
			name = Debug;
		};
		EF922EED274E9B8F005B1595 /* Release */ = {
			isa = XCBuildConfiguration;
			buildSettings = {
				ALWAYS_SEARCH_USER_PATHS = NO;
				CLANG_ANALYZER_NONNULL = YES;
				CLANG_ANALYZER_NUMBER_OBJECT_CONVERSION = YES_AGGRESSIVE;
				CLANG_CXX_LANGUAGE_STANDARD = "gnu++17";
				CLANG_CXX_LIBRARY = "libc++";
				CLANG_ENABLE_MODULES = YES;
				CLANG_ENABLE_OBJC_ARC = YES;
				CLANG_ENABLE_OBJC_WEAK = YES;
				CLANG_WARN_BLOCK_CAPTURE_AUTORELEASING = YES;
				CLANG_WARN_BOOL_CONVERSION = YES;
				CLANG_WARN_COMMA = YES;
				CLANG_WARN_CONSTANT_CONVERSION = YES;
				CLANG_WARN_DEPRECATED_OBJC_IMPLEMENTATIONS = YES;
				CLANG_WARN_DIRECT_OBJC_ISA_USAGE = YES_ERROR;
				CLANG_WARN_DOCUMENTATION_COMMENTS = YES;
				CLANG_WARN_EMPTY_BODY = YES;
				CLANG_WARN_ENUM_CONVERSION = YES;
				CLANG_WARN_INFINITE_RECURSION = YES;
				CLANG_WARN_INT_CONVERSION = YES;
				CLANG_WARN_NON_LITERAL_NULL_CONVERSION = YES;
				CLANG_WARN_OBJC_IMPLICIT_RETAIN_SELF = YES;
				CLANG_WARN_OBJC_LITERAL_CONVERSION = YES;
				CLANG_WARN_OBJC_ROOT_CLASS = YES_ERROR;
				CLANG_WARN_QUOTED_INCLUDE_IN_FRAMEWORK_HEADER = YES;
				CLANG_WARN_RANGE_LOOP_ANALYSIS = YES;
				CLANG_WARN_STRICT_PROTOTYPES = YES;
				CLANG_WARN_SUSPICIOUS_MOVE = YES;
				CLANG_WARN_UNGUARDED_AVAILABILITY = YES_AGGRESSIVE;
				CLANG_WARN_UNREACHABLE_CODE = YES;
				CLANG_WARN__DUPLICATE_METHOD_MATCH = YES;
				COPY_PHASE_STRIP = NO;
				DEBUG_INFORMATION_FORMAT = "dwarf-with-dsym";
				ENABLE_NS_ASSERTIONS = NO;
				ENABLE_STRICT_OBJC_MSGSEND = YES;
				GCC_C_LANGUAGE_STANDARD = gnu11;
				GCC_NO_COMMON_BLOCKS = YES;
				GCC_WARN_64_TO_32_BIT_CONVERSION = YES;
				GCC_WARN_ABOUT_RETURN_TYPE = YES_ERROR;
				GCC_WARN_UNDECLARED_SELECTOR = YES;
				GCC_WARN_UNINITIALIZED_AUTOS = YES_AGGRESSIVE;
				GCC_WARN_UNUSED_FUNCTION = YES;
				GCC_WARN_UNUSED_VARIABLE = YES;
				IPHONEOS_DEPLOYMENT_TARGET = 15.0;
				MTL_ENABLE_DEBUG_INFO = NO;
				MTL_FAST_MATH = YES;
				SDKROOT = iphoneos;
				SWIFT_COMPILATION_MODE = wholemodule;
				SWIFT_OPTIMIZATION_LEVEL = "-O";
				VALIDATE_PRODUCT = YES;
			};
			name = Release;
		};
		EF922EEF274E9B8F005B1595 /* Debug */ = {
			isa = XCBuildConfiguration;
			baseConfigurationReference = 5FB9CF3A32609553F7168EA3 /* Pods-SpringAnimation.debug.xcconfig */;
			buildSettings = {
				ASSETCATALOG_COMPILER_APPICON_NAME = AppIcon;
				ASSETCATALOG_COMPILER_GLOBAL_ACCENT_COLOR_NAME = AccentColor;
				CODE_SIGN_STYLE = Automatic;
				CURRENT_PROJECT_VERSION = 1;
				DEVELOPMENT_TEAM = 24LMK5CXTP;
				GENERATE_INFOPLIST_FILE = YES;
				INFOPLIST_FILE = SpringAnimation/App/Info.plist;
				INFOPLIST_KEY_UIApplicationSupportsIndirectInputEvents = YES;
				INFOPLIST_KEY_UILaunchStoryboardName = LaunchScreen;
				INFOPLIST_KEY_UIMainStoryboardFile = Main;
				INFOPLIST_KEY_UISupportedInterfaceOrientations_iPad = "UIInterfaceOrientationPortrait UIInterfaceOrientationPortraitUpsideDown UIInterfaceOrientationLandscapeLeft UIInterfaceOrientationLandscapeRight";
				INFOPLIST_KEY_UISupportedInterfaceOrientations_iPhone = "UIInterfaceOrientationPortrait UIInterfaceOrientationLandscapeLeft UIInterfaceOrientationLandscapeRight";
				LD_RUNPATH_SEARCH_PATHS = (
					"$(inherited)",
					"@executable_path/Frameworks",
				);
				MARKETING_VERSION = 1.0;
				PRODUCT_BUNDLE_IDENTIFIER = swift.SpringAnimation;
				PRODUCT_NAME = "$(TARGET_NAME)";
				SWIFT_EMIT_LOC_STRINGS = YES;
				SWIFT_VERSION = 5.0;
				TARGETED_DEVICE_FAMILY = "1,2";
			};
			name = Debug;
		};
		EF922EF0274E9B8F005B1595 /* Release */ = {
			isa = XCBuildConfiguration;
			baseConfigurationReference = EDD0ACC25A67A8C0426ED871 /* Pods-SpringAnimation.release.xcconfig */;
			buildSettings = {
				ASSETCATALOG_COMPILER_APPICON_NAME = AppIcon;
				ASSETCATALOG_COMPILER_GLOBAL_ACCENT_COLOR_NAME = AccentColor;
				CODE_SIGN_STYLE = Automatic;
				CURRENT_PROJECT_VERSION = 1;
				DEVELOPMENT_TEAM = 24LMK5CXTP;
				GENERATE_INFOPLIST_FILE = YES;
				INFOPLIST_FILE = SpringAnimation/App/Info.plist;
				INFOPLIST_KEY_UIApplicationSupportsIndirectInputEvents = YES;
				INFOPLIST_KEY_UILaunchStoryboardName = LaunchScreen;
				INFOPLIST_KEY_UIMainStoryboardFile = Main;
				INFOPLIST_KEY_UISupportedInterfaceOrientations_iPad = "UIInterfaceOrientationPortrait UIInterfaceOrientationPortraitUpsideDown UIInterfaceOrientationLandscapeLeft UIInterfaceOrientationLandscapeRight";
				INFOPLIST_KEY_UISupportedInterfaceOrientations_iPhone = "UIInterfaceOrientationPortrait UIInterfaceOrientationLandscapeLeft UIInterfaceOrientationLandscapeRight";
				LD_RUNPATH_SEARCH_PATHS = (
					"$(inherited)",
					"@executable_path/Frameworks",
				);
				MARKETING_VERSION = 1.0;
				PRODUCT_BUNDLE_IDENTIFIER = swift.SpringAnimation;
				PRODUCT_NAME = "$(TARGET_NAME)";
				SWIFT_EMIT_LOC_STRINGS = YES;
				SWIFT_VERSION = 5.0;
				TARGETED_DEVICE_FAMILY = "1,2";
			};
			name = Release;
		};
/* End XCBuildConfiguration section */

/* Begin XCConfigurationList section */
		EF922ED5274E9B8E005B1595 /* Build configuration list for PBXProject "SpringAnimation" */ = {
			isa = XCConfigurationList;
			buildConfigurations = (
				EF922EEC274E9B8F005B1595 /* Debug */,
				EF922EED274E9B8F005B1595 /* Release */,
			);
			defaultConfigurationIsVisible = 0;
			defaultConfigurationName = Release;
		};
		EF922EEE274E9B8F005B1595 /* Build configuration list for PBXNativeTarget "SpringAnimation" */ = {
			isa = XCConfigurationList;
			buildConfigurations = (
				EF922EEF274E9B8F005B1595 /* Debug */,
				EF922EF0274E9B8F005B1595 /* Release */,
			);
			defaultConfigurationIsVisible = 0;
			defaultConfigurationName = Release;
		};
/* End XCConfigurationList section */
	};
	rootObject = EF922ED2274E9B8E005B1595 /* Project object */;
}
